Microsoft Visual Studio Solution File, Format Version 12.00
# Visual Studio 2012
Project("{FAE04EC0-301F-11D3-BF4B-00C04F79EFBC}") = "Evol-nn-npc", "Evol-nn-npc.csproj", "{86818287-50D3-4D8B-942B-B64150B256D0}"
EndProject
Project("{9A19103F-16F7-4668-BE54-9A1E7A4F7556}") = "SharpNeat", "NEAT/SharpNeat/SharpNeat.csproj", "{29425503-9A5D-4C86-BB9B-CA17A7742E6A}"
EndProject
Global
	GlobalSection(SolutionConfigurationPlatforms) = preSolution
	Debug|Any CPU = Debug|Any CPU
	ExportDebug|Any CPU = ExportDebug|Any CPU
	ExportRelease|Any CPU = ExportRelease|Any CPU
	EndGlobalSection
	GlobalSection(ProjectConfigurationPlatforms) = postSolution
		{86818287-50D3-4D8B-942B-B64150B256D0}.Debug|Any CPU.ActiveCfg = Debug|Any CPU
		{86818287-50D3-4D8B-942B-B64150B256D0}.Debug|Any CPU.Build.0 = Debug|Any CPU
		{86818287-50D3-4D8B-942B-B64150B256D0}.ExportDebug|Any CPU.ActiveCfg = ExportDebug|Any CPU
		{86818287-50D3-4D8B-942B-B64150B256D0}.ExportDebug|Any CPU.Build.0 = ExportDebug|Any CPU
		{86818287-50D3-4D8B-942B-B64150B256D0}.ExportRelease|Any CPU.ActiveCfg = ExportRelease|Any CPU
		{86818287-50D3-4D8B-942B-B64150B256D0}.ExportRelease|Any CPU.Build.0 = ExportRelease|Any CPU
	EndGlobalSection
EndGlobal
